// !$*UTF8*$!
{
	archiveVersion = 1;
	classes = {
	};
	objectVersion = 50;
	objects = {

/* Begin PBXBuildFile section */
		114BB0EC20E95B5D0037B7C7 /* SnapshotHelper.swift in Sources */ = {isa = PBXBuildFile; fileRef = 114BB0EB20E95B5D0037B7C7 /* SnapshotHelper.swift */; };
		114BB0EE20E95BBB0037B7C7 /* ViewControlleUITest.swift in Sources */ = {isa = PBXBuildFile; fileRef = 114BB0ED20E95BBB0037B7C7 /* ViewControlleUITest.swift */; };
		11D5C13920CC43EA00A2F8C3 /* AppDelegate.m in Sources */ = {isa = PBXBuildFile; fileRef = 11D5C13820CC43EA00A2F8C3 /* AppDelegate.m */; };
		11D5C13C20CC43EA00A2F8C3 /* ViewController.m in Sources */ = {isa = PBXBuildFile; fileRef = 11D5C13B20CC43EA00A2F8C3 /* ViewController.m */; };
		11D5C13F20CC43EA00A2F8C3 /* Main.storyboard in Resources */ = {isa = PBXBuildFile; fileRef = 11D5C13D20CC43EA00A2F8C3 /* Main.storyboard */; };
		11D5C14120CC43ED00A2F8C3 /* Assets.xcassets in Resources */ = {isa = PBXBuildFile; fileRef = 11D5C14020CC43ED00A2F8C3 /* Assets.xcassets */; };
		11D5C14420CC43ED00A2F8C3 /* LaunchScreen.storyboard in Resources */ = {isa = PBXBuildFile; fileRef = 11D5C14220CC43ED00A2F8C3 /* LaunchScreen.storyboard */; };
		11D5C14720CC43ED00A2F8C3 /* main.m in Sources */ = {isa = PBXBuildFile; fileRef = 11D5C14620CC43ED00A2F8C3 /* main.m */; };
		11D5C15C20CC43ED00A2F8C3 /* WalletUITests.m in Sources */ = {isa = PBXBuildFile; fileRef = 11D5C15B20CC43ED00A2F8C3 /* WalletUITests.m */; };
		11D5C17920CD2AD000A2F8C3 /* Money.m in Sources */ = {isa = PBXBuildFile; fileRef = 11D5C17820CD2AD000A2F8C3 /* Money.m */; };
		11D5C17A20CD2AD000A2F8C3 /* Money.m in Sources */ = {isa = PBXBuildFile; fileRef = 11D5C17820CD2AD000A2F8C3 /* Money.m */; };
		11D5C18520CD8EC600A2F8C3 /* MoneyTest.m in Sources */ = {isa = PBXBuildFile; fileRef = 11D5C18420CD8EC600A2F8C3 /* MoneyTest.m */; };
/* End PBXBuildFile section */

/* Begin PBXContainerItemProxy section */
		11D5C14D20CC43ED00A2F8C3 /* PBXContainerItemProxy */ = {
			isa = PBXContainerItemProxy;
			containerPortal = 11D5C12C20CC43EA00A2F8C3 /* Project object */;
			proxyType = 1;
			remoteGlobalIDString = 11D5C13320CC43EA00A2F8C3;
			remoteInfo = Wallet;
		};
		11D5C15820CC43ED00A2F8C3 /* PBXContainerItemProxy */ = {
			isa = PBXContainerItemProxy;
			containerPortal = 11D5C12C20CC43EA00A2F8C3 /* Project object */;
			proxyType = 1;
			remoteGlobalIDString = 11D5C13320CC43EA00A2F8C3;
			remoteInfo = Wallet;
		};
/* End PBXContainerItemProxy section */

/* Begin PBXFileReference section */
		114BB0EA20E95B5C0037B7C7 /* WalletUITests-Bridging-Header.h */ = {isa = PBXFileReference; lastKnownFileType = sourcecode.c.h; path = "WalletUITests-Bridging-Header.h"; sourceTree = "<group>"; };
		114BB0EB20E95B5D0037B7C7 /* SnapshotHelper.swift */ = {isa = PBXFileReference; fileEncoding = 4; lastKnownFileType = sourcecode.swift; path = SnapshotHelper.swift; sourceTree = "<group>"; };
		114BB0ED20E95BBB0037B7C7 /* ViewControlleUITest.swift */ = {isa = PBXFileReference; lastKnownFileType = sourcecode.swift; path = ViewControlleUITest.swift; sourceTree = "<group>"; };
		11D5C13420CC43EA00A2F8C3 /* Wallet.app */ = {isa = PBXFileReference; explicitFileType = wrapper.application; includeInIndex = 0; path = Wallet.app; sourceTree = BUILT_PRODUCTS_DIR; };
		11D5C13720CC43EA00A2F8C3 /* AppDelegate.h */ = {isa = PBXFileReference; lastKnownFileType = sourcecode.c.h; path = AppDelegate.h; sourceTree = "<group>"; };
		11D5C13820CC43EA00A2F8C3 /* AppDelegate.m */ = {isa = PBXFileReference; lastKnownFileType = sourcecode.c.objc; path = AppDelegate.m; sourceTree = "<group>"; };
		11D5C13A20CC43EA00A2F8C3 /* ViewController.h */ = {isa = PBXFileReference; lastKnownFileType = sourcecode.c.h; path = ViewController.h; sourceTree = "<group>"; };
		11D5C13B20CC43EA00A2F8C3 /* ViewController.m */ = {isa = PBXFileReference; lastKnownFileType = sourcecode.c.objc; path = ViewController.m; sourceTree = "<group>"; };
		11D5C13E20CC43EA00A2F8C3 /* Base */ = {isa = PBXFileReference; lastKnownFileType = file.storyboard; name = Base; path = Base.lproj/Main.storyboard; sourceTree = "<group>"; };
		11D5C14020CC43ED00A2F8C3 /* Assets.xcassets */ = {isa = PBXFileReference; lastKnownFileType = folder.assetcatalog; path = Assets.xcassets; sourceTree = "<group>"; };
		11D5C14320CC43ED00A2F8C3 /* Base */ = {isa = PBXFileReference; lastKnownFileType = file.storyboard; name = Base; path = Base.lproj/LaunchScreen.storyboard; sourceTree = "<group>"; };
		11D5C14520CC43ED00A2F8C3 /* Info.plist */ = {isa = PBXFileReference; lastKnownFileType = text.plist.xml; path = Info.plist; sourceTree = "<group>"; };
		11D5C14620CC43ED00A2F8C3 /* main.m */ = {isa = PBXFileReference; lastKnownFileType = sourcecode.c.objc; path = main.m; sourceTree = "<group>"; };
		11D5C14C20CC43ED00A2F8C3 /* WalletTests.xctest */ = {isa = PBXFileReference; explicitFileType = wrapper.cfbundle; includeInIndex = 0; path = WalletTests.xctest; sourceTree = BUILT_PRODUCTS_DIR; };
		11D5C15220CC43ED00A2F8C3 /* Info.plist */ = {isa = PBXFileReference; lastKnownFileType = text.plist.xml; path = Info.plist; sourceTree = "<group>"; };
		11D5C15720CC43ED00A2F8C3 /* WalletUITests.xctest */ = {isa = PBXFileReference; explicitFileType = wrapper.cfbundle; includeInIndex = 0; path = WalletUITests.xctest; sourceTree = BUILT_PRODUCTS_DIR; };
		11D5C15B20CC43ED00A2F8C3 /* WalletUITests.m */ = {isa = PBXFileReference; lastKnownFileType = sourcecode.c.objc; path = WalletUITests.m; sourceTree = "<group>"; };
		11D5C15D20CC43ED00A2F8C3 /* Info.plist */ = {isa = PBXFileReference; lastKnownFileType = text.plist.xml; path = Info.plist; sourceTree = "<group>"; };
		11D5C17720CD2AD000A2F8C3 /* Money.h */ = {isa = PBXFileReference; lastKnownFileType = sourcecode.c.h; path = Money.h; sourceTree = "<group>"; };
		11D5C17820CD2AD000A2F8C3 /* Money.m */ = {isa = PBXFileReference; lastKnownFileType = sourcecode.c.objc; path = Money.m; sourceTree = "<group>"; };
		11D5C18420CD8EC600A2F8C3 /* MoneyTest.m */ = {isa = PBXFileReference; lastKnownFileType = sourcecode.c.objc; path = MoneyTest.m; sourceTree = "<group>"; };
/* End PBXFileReference section */

/* Begin PBXFrameworksBuildPhase section */
		11D5C13120CC43EA00A2F8C3 /* Frameworks */ = {
			isa = PBXFrameworksBuildPhase;
			buildActionMask = 2147483647;
			files = (
			);
			runOnlyForDeploymentPostprocessing = 0;
		};
		11D5C14920CC43ED00A2F8C3 /* Frameworks */ = {
			isa = PBXFrameworksBuildPhase;
			buildActionMask = 2147483647;
			files = (
			);
			runOnlyForDeploymentPostprocessing = 0;
		};
		11D5C15420CC43ED00A2F8C3 /* Frameworks */ = {
			isa = PBXFrameworksBuildPhase;
			buildActionMask = 2147483647;
			files = (
			);
			runOnlyForDeploymentPostprocessing = 0;
		};
/* End PBXFrameworksBuildPhase section */

/* Begin PBXGroup section */
		11D5C12B20CC43EA00A2F8C3 = {
			isa = PBXGroup;
			children = (
				11D5C13620CC43EA00A2F8C3 /* Wallet */,
				11D5C14F20CC43ED00A2F8C3 /* WalletTests */,
				11D5C15A20CC43ED00A2F8C3 /* WalletUITests */,
				11D5C13520CC43EA00A2F8C3 /* Products */,
			);
			sourceTree = "<group>";
		};
		11D5C13520CC43EA00A2F8C3 /* Products */ = {
			isa = PBXGroup;
			children = (
				11D5C13420CC43EA00A2F8C3 /* Wallet.app */,
				11D5C14C20CC43ED00A2F8C3 /* WalletTests.xctest */,
				11D5C15720CC43ED00A2F8C3 /* WalletUITests.xctest */,
			);
			name = Products;
			sourceTree = "<group>";
		};
		11D5C13620CC43EA00A2F8C3 /* Wallet */ = {
			isa = PBXGroup;
			children = (
				11D5C16C20CC479300A2F8C3 /* Models */,
				11D5C13720CC43EA00A2F8C3 /* AppDelegate.h */,
				11D5C13820CC43EA00A2F8C3 /* AppDelegate.m */,
				11D5C13A20CC43EA00A2F8C3 /* ViewController.h */,
				11D5C13B20CC43EA00A2F8C3 /* ViewController.m */,
				11D5C13D20CC43EA00A2F8C3 /* Main.storyboard */,
				11D5C14020CC43ED00A2F8C3 /* Assets.xcassets */,
				11D5C14220CC43ED00A2F8C3 /* LaunchScreen.storyboard */,
				11D5C14520CC43ED00A2F8C3 /* Info.plist */,
				11D5C14620CC43ED00A2F8C3 /* main.m */,
			);
			path = Wallet;
			sourceTree = "<group>";
		};
		11D5C14F20CC43ED00A2F8C3 /* WalletTests */ = {
			isa = PBXGroup;
			children = (
				11D5C16920CC446600A2F8C3 /* Model */,
				11D5C15220CC43ED00A2F8C3 /* Info.plist */,
			);
			path = WalletTests;
			sourceTree = "<group>";
		};
		11D5C15A20CC43ED00A2F8C3 /* WalletUITests */ = {
			isa = PBXGroup;
			children = (
				114BB0EB20E95B5D0037B7C7 /* SnapshotHelper.swift */,
				11D5C15B20CC43ED00A2F8C3 /* WalletUITests.m */,
				11D5C15D20CC43ED00A2F8C3 /* Info.plist */,
				114BB0EA20E95B5C0037B7C7 /* WalletUITests-Bridging-Header.h */,
				114BB0ED20E95BBB0037B7C7 /* ViewControlleUITest.swift */,
			);
			path = WalletUITests;
			sourceTree = "<group>";
		};
		11D5C16920CC446600A2F8C3 /* Model */ = {
			isa = PBXGroup;
			children = (
				11D5C18420CD8EC600A2F8C3 /* MoneyTest.m */,
			);
			path = Model;
			sourceTree = "<group>";
		};
		11D5C16C20CC479300A2F8C3 /* Models */ = {
			isa = PBXGroup;
			children = (
				11D5C17720CD2AD000A2F8C3 /* Money.h */,
				11D5C17820CD2AD000A2F8C3 /* Money.m */,
			);
			path = Models;
			sourceTree = "<group>";
		};
/* End PBXGroup section */

/* Begin PBXNativeTarget section */
		11D5C13320CC43EA00A2F8C3 /* Wallet */ = {
			isa = PBXNativeTarget;
			buildConfigurationList = 11D5C16020CC43ED00A2F8C3 /* Build configuration list for PBXNativeTarget "Wallet" */;
			buildPhases = (
				11D5C13020CC43EA00A2F8C3 /* Sources */,
				11D5C13120CC43EA00A2F8C3 /* Frameworks */,
				11D5C13220CC43EA00A2F8C3 /* Resources */,
			);
			buildRules = (
			);
			dependencies = (
			);
			name = Wallet;
			productName = Wallet;
			productReference = 11D5C13420CC43EA00A2F8C3 /* Wallet.app */;
			productType = "com.apple.product-type.application";
		};
		11D5C14B20CC43ED00A2F8C3 /* WalletTests */ = {
			isa = PBXNativeTarget;
			buildConfigurationList = 11D5C16320CC43ED00A2F8C3 /* Build configuration list for PBXNativeTarget "WalletTests" */;
			buildPhases = (
				11D5C14820CC43ED00A2F8C3 /* Sources */,
				11D5C14920CC43ED00A2F8C3 /* Frameworks */,
				11D5C14A20CC43ED00A2F8C3 /* Resources */,
			);
			buildRules = (
			);
			dependencies = (
				11D5C14E20CC43ED00A2F8C3 /* PBXTargetDependency */,
			);
			name = WalletTests;
			productName = WalletTests;
			productReference = 11D5C14C20CC43ED00A2F8C3 /* WalletTests.xctest */;
			productType = "com.apple.product-type.bundle.unit-test";
		};
		11D5C15620CC43ED00A2F8C3 /* WalletUITests */ = {
			isa = PBXNativeTarget;
			buildConfigurationList = 11D5C16620CC43ED00A2F8C3 /* Build configuration list for PBXNativeTarget "WalletUITests" */;
			buildPhases = (
				11D5C15320CC43ED00A2F8C3 /* Sources */,
				11D5C15420CC43ED00A2F8C3 /* Frameworks */,
				11D5C15520CC43ED00A2F8C3 /* Resources */,
			);
			buildRules = (
			);
			dependencies = (
				11D5C15920CC43ED00A2F8C3 /* PBXTargetDependency */,
			);
			name = WalletUITests;
			productName = WalletUITests;
			productReference = 11D5C15720CC43ED00A2F8C3 /* WalletUITests.xctest */;
			productType = "com.apple.product-type.bundle.ui-testing";
		};
/* End PBXNativeTarget section */

/* Begin PBXProject section */
		11D5C12C20CC43EA00A2F8C3 /* Project object */ = {
			isa = PBXProject;
			attributes = {
				LastUpgradeCheck = 0940;
				ORGANIZATIONNAME = "jose luis sanchez-porro godoy";
				TargetAttributes = {
					11D5C13320CC43EA00A2F8C3 = {
						CreatedOnToolsVersion = 9.4;
					};
					11D5C14B20CC43ED00A2F8C3 = {
						CreatedOnToolsVersion = 9.4;
						TestTargetID = 11D5C13320CC43EA00A2F8C3;
					};
					11D5C15620CC43ED00A2F8C3 = {
						CreatedOnToolsVersion = 9.4;
						LastSwiftMigration = 0940;
						TestTargetID = 11D5C13320CC43EA00A2F8C3;
					};
				};
			};
			buildConfigurationList = 11D5C12F20CC43EA00A2F8C3 /* Build configuration list for PBXProject "Wallet" */;
			compatibilityVersion = "Xcode 9.3";
			developmentRegion = en;
			hasScannedForEncodings = 0;
			knownRegions = (
				en,
				Base,
			);
			mainGroup = 11D5C12B20CC43EA00A2F8C3;
			productRefGroup = 11D5C13520CC43EA00A2F8C3 /* Products */;
			projectDirPath = "";
			projectRoot = "";
			targets = (
				11D5C13320CC43EA00A2F8C3 /* Wallet */,
				11D5C14B20CC43ED00A2F8C3 /* WalletTests */,
				11D5C15620CC43ED00A2F8C3 /* WalletUITests */,
			);
		};
/* End PBXProject section */

/* Begin PBXResourcesBuildPhase section */
		11D5C13220CC43EA00A2F8C3 /* Resources */ = {
			isa = PBXResourcesBuildPhase;
			buildActionMask = 2147483647;
			files = (
				11D5C14420CC43ED00A2F8C3 /* LaunchScreen.storyboard in Resources */,
				11D5C14120CC43ED00A2F8C3 /* Assets.xcassets in Resources */,
				11D5C13F20CC43EA00A2F8C3 /* Main.storyboard in Resources */,
			);
			runOnlyForDeploymentPostprocessing = 0;
		};
		11D5C14A20CC43ED00A2F8C3 /* Resources */ = {
			isa = PBXResourcesBuildPhase;
			buildActionMask = 2147483647;
			files = (
			);
			runOnlyForDeploymentPostprocessing = 0;
		};
		11D5C15520CC43ED00A2F8C3 /* Resources */ = {
			isa = PBXResourcesBuildPhase;
			buildActionMask = 2147483647;
			files = (
			);
			runOnlyForDeploymentPostprocessing = 0;
		};
/* End PBXResourcesBuildPhase section */

/* Begin PBXSourcesBuildPhase section */
		11D5C13020CC43EA00A2F8C3 /* Sources */ = {
			isa = PBXSourcesBuildPhase;
			buildActionMask = 2147483647;
			files = (
				11D5C17920CD2AD000A2F8C3 /* Money.m in Sources */,
				11D5C13C20CC43EA00A2F8C3 /* ViewController.m in Sources */,
				11D5C14720CC43ED00A2F8C3 /* main.m in Sources */,
				11D5C13920CC43EA00A2F8C3 /* AppDelegate.m in Sources */,
			);
			runOnlyForDeploymentPostprocessing = 0;
		};
		11D5C14820CC43ED00A2F8C3 /* Sources */ = {
			isa = PBXSourcesBuildPhase;
			buildActionMask = 2147483647;
			files = (
				11D5C18520CD8EC600A2F8C3 /* MoneyTest.m in Sources */,
				11D5C17A20CD2AD000A2F8C3 /* Money.m in Sources */,
			);
			runOnlyForDeploymentPostprocessing = 0;
		};
		11D5C15320CC43ED00A2F8C3 /* Sources */ = {
			isa = PBXSourcesBuildPhase;
			buildActionMask = 2147483647;
			files = (
				11D5C15C20CC43ED00A2F8C3 /* WalletUITests.m in Sources */,
				114BB0EE20E95BBB0037B7C7 /* ViewControlleUITest.swift in Sources */,
				114BB0EC20E95B5D0037B7C7 /* SnapshotHelper.swift in Sources */,
			);
			runOnlyForDeploymentPostprocessing = 0;
		};
/* End PBXSourcesBuildPhase section */

/* Begin PBXTargetDependency section */
		11D5C14E20CC43ED00A2F8C3 /* PBXTargetDependency */ = {
			isa = PBXTargetDependency;
			target = 11D5C13320CC43EA00A2F8C3 /* Wallet */;
			targetProxy = 11D5C14D20CC43ED00A2F8C3 /* PBXContainerItemProxy */;
		};
		11D5C15920CC43ED00A2F8C3 /* PBXTargetDependency */ = {
			isa = PBXTargetDependency;
			target = 11D5C13320CC43EA00A2F8C3 /* Wallet */;
			targetProxy = 11D5C15820CC43ED00A2F8C3 /* PBXContainerItemProxy */;
		};
/* End PBXTargetDependency section */

/* Begin PBXVariantGroup section */
		11D5C13D20CC43EA00A2F8C3 /* Main.storyboard */ = {
			isa = PBXVariantGroup;
			children = (
				11D5C13E20CC43EA00A2F8C3 /* Base */,
			);
			name = Main.storyboard;
			sourceTree = "<group>";
		};
		11D5C14220CC43ED00A2F8C3 /* LaunchScreen.storyboard */ = {
			isa = PBXVariantGroup;
			children = (
				11D5C14320CC43ED00A2F8C3 /* Base */,
			);
			name = LaunchScreen.storyboard;
			sourceTree = "<group>";
		};
/* End PBXVariantGroup section */

/* Begin XCBuildConfiguration section */
		11D5C15E20CC43ED00A2F8C3 /* Debug */ = {
			isa = XCBuildConfiguration;
			buildSettings = {
				ALWAYS_SEARCH_USER_PATHS = NO;
				CLANG_ANALYZER_NONNULL = YES;
				CLANG_ANALYZER_NUMBER_OBJECT_CONVERSION = YES_AGGRESSIVE;
				CLANG_CXX_LANGUAGE_STANDARD = "gnu++14";
				CLANG_CXX_LIBRARY = "libc++";
				CLANG_ENABLE_MODULES = YES;
				CLANG_ENABLE_OBJC_ARC = YES;
				CLANG_ENABLE_OBJC_WEAK = YES;
				CLANG_WARN_BLOCK_CAPTURE_AUTORELEASING = YES;
				CLANG_WARN_BOOL_CONVERSION = YES;
				CLANG_WARN_COMMA = YES;
				CLANG_WARN_CONSTANT_CONVERSION = YES;
				CLANG_WARN_DEPRECATED_OBJC_IMPLEMENTATIONS = YES;
				CLANG_WARN_DIRECT_OBJC_ISA_USAGE = YES_ERROR;
				CLANG_WARN_DOCUMENTATION_COMMENTS = YES;
				CLANG_WARN_EMPTY_BODY = YES;
				CLANG_WARN_ENUM_CONVERSION = YES;
				CLANG_WARN_INFINITE_RECURSION = YES;
				CLANG_WARN_INT_CONVERSION = YES;
				CLANG_WARN_NON_LITERAL_NULL_CONVERSION = YES;
				CLANG_WARN_OBJC_IMPLICIT_RETAIN_SELF = YES;
				CLANG_WARN_OBJC_LITERAL_CONVERSION = YES;
				CLANG_WARN_OBJC_ROOT_CLASS = YES_ERROR;
				CLANG_WARN_RANGE_LOOP_ANALYSIS = YES;
				CLANG_WARN_STRICT_PROTOTYPES = YES;
				CLANG_WARN_SUSPICIOUS_MOVE = YES;
				CLANG_WARN_UNGUARDED_AVAILABILITY = YES_AGGRESSIVE;
				CLANG_WARN_UNREACHABLE_CODE = YES;
				CLANG_WARN__DUPLICATE_METHOD_MATCH = YES;
				CODE_SIGN_IDENTITY = "iPhone Developer";
				COPY_PHASE_STRIP = NO;
				DEBUG_INFORMATION_FORMAT = dwarf;
				ENABLE_STRICT_OBJC_MSGSEND = YES;
				ENABLE_TESTABILITY = YES;
				GCC_C_LANGUAGE_STANDARD = gnu11;
				GCC_DYNAMIC_NO_PIC = NO;
				GCC_NO_COMMON_BLOCKS = YES;
				GCC_OPTIMIZATION_LEVEL = 0;
				GCC_PREPROCESSOR_DEFINITIONS = (
					"DEBUG=1",
					"$(inherited)",
				);
				GCC_WARN_64_TO_32_BIT_CONVERSION = YES;
				GCC_WARN_ABOUT_RETURN_TYPE = YES_ERROR;
				GCC_WARN_UNDECLARED_SELECTOR = YES;
				GCC_WARN_UNINITIALIZED_AUTOS = YES_AGGRESSIVE;
				GCC_WARN_UNUSED_FUNCTION = YES;
				GCC_WARN_UNUSED_VARIABLE = YES;
				IPHONEOS_DEPLOYMENT_TARGET = 10.0;
				MTL_ENABLE_DEBUG_INFO = YES;
				ONLY_ACTIVE_ARCH = YES;
				SDKROOT = iphoneos;
			};
			name = Debug;
		};
		11D5C15F20CC43ED00A2F8C3 /* Release */ = {
			isa = XCBuildConfiguration;
			buildSettings = {
				ALWAYS_SEARCH_USER_PATHS = NO;
				CLANG_ANALYZER_NONNULL = YES;
				CLANG_ANALYZER_NUMBER_OBJECT_CONVERSION = YES_AGGRESSIVE;
				CLANG_CXX_LANGUAGE_STANDARD = "gnu++14";
				CLANG_CXX_LIBRARY = "libc++";
				CLANG_ENABLE_MODULES = YES;
				CLANG_ENABLE_OBJC_ARC = YES;
				CLANG_ENABLE_OBJC_WEAK = YES;
				CLANG_WARN_BLOCK_CAPTURE_AUTORELEASING = YES;
				CLANG_WARN_BOOL_CONVERSION = YES;
				CLANG_WARN_COMMA = YES;
				CLANG_WARN_CONSTANT_CONVERSION = YES;
				CLANG_WARN_DEPRECATED_OBJC_IMPLEMENTATIONS = YES;
				CLANG_WARN_DIRECT_OBJC_ISA_USAGE = YES_ERROR;
				CLANG_WARN_DOCUMENTATION_COMMENTS = YES;
				CLANG_WARN_EMPTY_BODY = YES;
				CLANG_WARN_ENUM_CONVERSION = YES;
				CLANG_WARN_INFINITE_RECURSION = YES;
				CLANG_WARN_INT_CONVERSION = YES;
				CLANG_WARN_NON_LITERAL_NULL_CONVERSION = YES;
				CLANG_WARN_OBJC_IMPLICIT_RETAIN_SELF = YES;
				CLANG_WARN_OBJC_LITERAL_CONVERSION = YES;
				CLANG_WARN_OBJC_ROOT_CLASS = YES_ERROR;
				CLANG_WARN_RANGE_LOOP_ANALYSIS = YES;
				CLANG_WARN_STRICT_PROTOTYPES = YES;
				CLANG_WARN_SUSPICIOUS_MOVE = YES;
				CLANG_WARN_UNGUARDED_AVAILABILITY = YES_AGGRESSIVE;
				CLANG_WARN_UNREACHABLE_CODE = YES;
				CLANG_WARN__DUPLICATE_METHOD_MATCH = YES;
				CODE_SIGN_IDENTITY = "iPhone Developer";
				COPY_PHASE_STRIP = NO;
				DEBUG_INFORMATION_FORMAT = "dwarf-with-dsym";
				ENABLE_NS_ASSERTIONS = NO;
				ENABLE_STRICT_OBJC_MSGSEND = YES;
				GCC_C_LANGUAGE_STANDARD = gnu11;
				GCC_NO_COMMON_BLOCKS = YES;
				GCC_WARN_64_TO_32_BIT_CONVERSION = YES;
				GCC_WARN_ABOUT_RETURN_TYPE = YES_ERROR;
				GCC_WARN_UNDECLARED_SELECTOR = YES;
				GCC_WARN_UNINITIALIZED_AUTOS = YES_AGGRESSIVE;
				GCC_WARN_UNUSED_FUNCTION = YES;
				GCC_WARN_UNUSED_VARIABLE = YES;
				IPHONEOS_DEPLOYMENT_TARGET = 10.0;
				MTL_ENABLE_DEBUG_INFO = NO;
				SDKROOT = iphoneos;
				VALIDATE_PRODUCT = YES;
			};
			name = Release;
		};
		11D5C16120CC43ED00A2F8C3 /* Debug */ = {
			isa = XCBuildConfiguration;
			buildSettings = {
				ASSETCATALOG_COMPILER_APPICON_NAME = AppIcon;
				CODE_SIGN_STYLE = Automatic;
				DEVELOPMENT_TEAM = 57XEBN6426;
				INFOPLIST_FILE = Wallet/Info.plist;
				LD_RUNPATH_SEARCH_PATHS = (
					"$(inherited)",
					"@executable_path/Frameworks",
				);
				PRODUCT_BUNDLE_IDENTIFIER = jlspg.Wallet;
				PRODUCT_NAME = "$(TARGET_NAME)";
				TARGETED_DEVICE_FAMILY = "1,2";
			};
			name = Debug;
		};
		11D5C16220CC43ED00A2F8C3 /* Release */ = {
			isa = XCBuildConfiguration;
			buildSettings = {
				ASSETCATALOG_COMPILER_APPICON_NAME = AppIcon;
				CODE_SIGN_STYLE = Automatic;
				DEVELOPMENT_TEAM = 57XEBN6426;
				INFOPLIST_FILE = Wallet/Info.plist;
				LD_RUNPATH_SEARCH_PATHS = (
					"$(inherited)",
					"@executable_path/Frameworks",
				);
				PRODUCT_BUNDLE_IDENTIFIER = jlspg.Wallet;
				PRODUCT_NAME = "$(TARGET_NAME)";
				TARGETED_DEVICE_FAMILY = "1,2";
			};
			name = Release;
		};
		11D5C16420CC43ED00A2F8C3 /* Debug */ = {
			isa = XCBuildConfiguration;
			buildSettings = {
				BUNDLE_LOADER = "$(TEST_HOST)";
				CODE_SIGN_STYLE = Automatic;
				DEVELOPMENT_TEAM = 57XEBN6426;
				INFOPLIST_FILE = WalletTests/Info.plist;
				LD_RUNPATH_SEARCH_PATHS = (
					"$(inherited)",
					"@executable_path/Frameworks",
					"@loader_path/Frameworks",
				);
				PRODUCT_BUNDLE_IDENTIFIER = jlspg.WalletTests;
				PRODUCT_NAME = "$(TARGET_NAME)";
				TARGETED_DEVICE_FAMILY = "1,2";
				TEST_HOST = "$(BUILT_PRODUCTS_DIR)/Wallet.app/Wallet";
			};
			name = Debug;
		};
		11D5C16520CC43ED00A2F8C3 /* Release */ = {
			isa = XCBuildConfiguration;
			buildSettings = {
				BUNDLE_LOADER = "$(TEST_HOST)";
				CODE_SIGN_STYLE = Automatic;
				DEVELOPMENT_TEAM = 57XEBN6426;
				INFOPLIST_FILE = WalletTests/Info.plist;
				LD_RUNPATH_SEARCH_PATHS = (
					"$(inherited)",
					"@executable_path/Frameworks",
					"@loader_path/Frameworks",
				);
				PRODUCT_BUNDLE_IDENTIFIER = jlspg.WalletTests;
				PRODUCT_NAME = "$(TARGET_NAME)";
				TARGETED_DEVICE_FAMILY = "1,2";
				TEST_HOST = "$(BUILT_PRODUCTS_DIR)/Wallet.app/Wallet";
			};
			name = Release;
		};
		11D5C16720CC43ED00A2F8C3 /* Debug */ = {
			isa = XCBuildConfiguration;
			buildSettings = {
				CLANG_ENABLE_MODULES = YES;
				CODE_SIGN_STYLE = Automatic;
				DEVELOPMENT_TEAM = 57XEBN6426;
				INFOPLIST_FILE = WalletUITests/Info.plist;
				LD_RUNPATH_SEARCH_PATHS = (
					"$(inherited)",
					"@executable_path/Frameworks",
					"@loader_path/Frameworks",
				);
				PRODUCT_BUNDLE_IDENTIFIER = jlspg.WalletUITests;
				PRODUCT_NAME = "$(TARGET_NAME)";
				SWIFT_OBJC_BRIDGING_HEADER = "WalletUITests/WalletUITests-Bridging-Header.h";
				SWIFT_OPTIMIZATION_LEVEL = "-Onone";
				SWIFT_VERSION = 3.0;
				TARGETED_DEVICE_FAMILY = "1,2";
				TEST_TARGET_NAME = Wallet;
			};
			name = Debug;
		};
		11D5C16820CC43ED00A2F8C3 /* Release */ = {
			isa = XCBuildConfiguration;
			buildSettings = {
				CLANG_ENABLE_MODULES = YES;
				CODE_SIGN_STYLE = Automatic;
				DEVELOPMENT_TEAM = 57XEBN6426;
				INFOPLIST_FILE = WalletUITests/Info.plist;
				LD_RUNPATH_SEARCH_PATHS = (
					"$(inherited)",
					"@executable_path/Frameworks",
					"@loader_path/Frameworks",
				);
				PRODUCT_BUNDLE_IDENTIFIER = jlspg.WalletUITests;
				PRODUCT_NAME = "$(TARGET_NAME)";
				SWIFT_OBJC_BRIDGING_HEADER = "WalletUITests/WalletUITests-Bridging-Header.h";
				SWIFT_VERSION = 3.0;
				TARGETED_DEVICE_FAMILY = "1,2";
				TEST_TARGET_NAME = Wallet;
			};
			name = Release;
		};
/* End XCBuildConfiguration section */

/* Begin XCConfigurationList section */
		11D5C12F20CC43EA00A2F8C3 /* Build configuration list for PBXProject "Wallet" */ = {
			isa = XCConfigurationList;
			buildConfigurations = (
				11D5C15E20CC43ED00A2F8C3 /* Debug */,
				11D5C15F20CC43ED00A2F8C3 /* Release */,
			);
			defaultConfigurationIsVisible = 0;
			defaultConfigurationName = Release;
		};
		11D5C16020CC43ED00A2F8C3 /* Build configuration list for PBXNativeTarget "Wallet" */ = {
			isa = XCConfigurationList;
			buildConfigurations = (
				11D5C16120CC43ED00A2F8C3 /* Debug */,
				11D5C16220CC43ED00A2F8C3 /* Release */,
			);
			defaultConfigurationIsVisible = 0;
			defaultConfigurationName = Release;
		};
		11D5C16320CC43ED00A2F8C3 /* Build configuration list for PBXNativeTarget "WalletTests" */ = {
			isa = XCConfigurationList;
			buildConfigurations = (
				11D5C16420CC43ED00A2F8C3 /* Debug */,
				11D5C16520CC43ED00A2F8C3 /* Release */,
			);
			defaultConfigurationIsVisible = 0;
			defaultConfigurationName = Release;
		};
		11D5C16620CC43ED00A2F8C3 /* Build configuration list for PBXNativeTarget "WalletUITests" */ = {
			isa = XCConfigurationList;
			buildConfigurations = (
				11D5C16720CC43ED00A2F8C3 /* Debug */,
				11D5C16820CC43ED00A2F8C3 /* Release */,
			);
			defaultConfigurationIsVisible = 0;
			defaultConfigurationName = Release;
		};
/* End XCConfigurationList section */
	};
	rootObject = 11D5C12C20CC43EA00A2F8C3 /* Project object */;
}
